
Microsoft Visual Studio Solution File, Format Version 12.00
# Visual Studio Version 17
VisualStudioVersion = 17.4.33110.190
MinimumVisualStudioVersion = 10.0.40219.1
Project("{8BC9CEB8-8B4A-11D0-8D11-00A0C91BC942}") = "Thread-safe Inventory", "Thread-safe Inventory.vcxproj", "{75FFBEE1-35CB-46E3-B808-EED33BE79716}"
EndProject
Global
	GlobalSection(SolutionConfigurationPlatforms) = preSolution
		Debug|x64 = Debug|x64
		Debug|x86 = Debug|x86
		Release|x64 = Release|x64
		Release|x86 = Release|x86
	EndGlobalSection
	GlobalSection(ProjectConfigurationPlatforms) = postSolution
		{75FFBEE1-35CB-46E3-B808-EED33BE79716}.Debug|x64.ActiveCfg = Debug|x64
		{75FFBEE1-35CB-46E3-B808-EED33BE79716}.Debug|x64.Build.0 = Debug|x64
		{75FFBEE1-35CB-46E3-B808-EED33BE79716}.Debug|x86.ActiveCfg = Debug|Win32
		{75FFBEE1-35CB-46E3-B808-EED33BE79716}.Debug|x86.Build.0 = Debug|Win32
		{75FFBEE1-35CB-46E3-B808-EED33BE79716}.Release|x64.ActiveCfg = Release|x64
		{75FFBEE1-35CB-46E3-B808-EED33BE79716}.Release|x64.Build.0 = Release|x64
		{75FFBEE1-35CB-46E3-B808-EED33BE79716}.Release|x86.ActiveCfg = Release|Win32
		{75FFBEE1-35CB-46E3-B808-EED33BE79716}.Release|x86.Build.0 = Release|Win32
	EndGlobalSection
	GlobalSection(SolutionProperties) = preSolution
		HideSolutionNode = FALSE
	EndGlobalSection
	GlobalSection(ExtensibilityGlobals) = postSolution
		SolutionGuid = {C81ED5C8-3ECE-4CEA-BB47-045FE2B2BB6D}
	EndGlobalSection
EndGlobal
